
Microsoft Visual Studio Solution File, Format Version 12.00
# Visual Studio Version 17
VisualStudioVersion = 17.0.32112.339
MinimumVisualStudioVersion = 10.0.40219.1
Project("{9A19103F-16F7-4668-BE54-9A1E7A4F7556}") = "Britt2022.D", "Britt2022.D\Britt2022.D.csproj", "{F40ED9D8-908A-4891-A942-226B36EB515A}"
EndProject
Project("{FAE04EC0-301F-11D3-BF4B-00C04F79EFBC}") = "Britt2022.D.Tests", "Britt2022.D.Tests\Britt2022.D.Tests.csproj", "{B908BD7E-9361-4FF8-975D-C75EAEBDA249}"
EndProject
Global
	GlobalSection(SolutionConfigurationPlatforms) = preSolution
		Debug|Any CPU = Debug|Any CPU
		Release|Any CPU = Release|Any CPU
	EndGlobalSection
	GlobalSection(ProjectConfigurationPlatforms) = postSolution
		{F40ED9D8-908A-4891-A942-226B36EB515A}.Debug|Any CPU.ActiveCfg = Debug|Any CPU
		{F40ED9D8-908A-4891-A942-226B36EB515A}.Debug|Any CPU.Build.0 = Debug|Any CPU
		{F40ED9D8-908A-4891-A942-226B36EB515A}.Release|Any CPU.ActiveCfg = Release|Any CPU
		{F40ED9D8-908A-4891-A942-226B36EB515A}.Release|Any CPU.Build.0 = Release|Any CPU
		{B908BD7E-9361-4FF8-975D-C75EAEBDA249}.Debug|Any CPU.ActiveCfg = Debug|Any CPU
		{B908BD7E-9361-4FF8-975D-C75EAEBDA249}.Debug|Any CPU.Build.0 = Debug|Any CPU
		{B908BD7E-9361-4FF8-975D-C75EAEBDA249}.Release|Any CPU.ActiveCfg = Release|Any CPU
		{B908BD7E-9361-4FF8-975D-C75EAEBDA249}.Release|Any CPU.Build.0 = Release|Any CPU
	EndGlobalSection
	GlobalSection(SolutionProperties) = preSolution
		HideSolutionNode = FALSE
	EndGlobalSection
	GlobalSection(ExtensibilityGlobals) = postSolution
		SolutionGuid = {2EEFCF79-6376-4E9C-B8B7-A09C622B98EE}
	EndGlobalSection
EndGlobal
